
Microsoft Visual Studio Solution File, Format Version 12.00
# Visual Studio Version 17
VisualStudioVersion = 17.4.33205.214
MinimumVisualStudioVersion = 10.0.40219.1
Project("{FAE04EC0-301F-11D3-BF4B-00C04F79EFBC}") = "P02_SalesDatabase", "P02_SalesDatabase\P02_SalesDatabase.csproj", "{A3EC564C-6070-473B-93FB-CCA866D6BE8B}"
EndProject
Global
	GlobalSection(SolutionConfigurationPlatforms) = preSolution
		Debug|Any CPU = Debug|Any CPU
		Release|Any CPU = Release|Any CPU
	EndGlobalSection
	GlobalSection(ProjectConfigurationPlatforms) = postSolution
		{A3EC564C-6070-473B-93FB-CCA866D6BE8B}.Debug|Any CPU.ActiveCfg = Debug|Any CPU
		{A3EC564C-6070-473B-93FB-CCA866D6BE8B}.Debug|Any CPU.Build.0 = Debug|Any CPU
		{A3EC564C-6070-473B-93FB-CCA866D6BE8B}.Release|Any CPU.ActiveCfg = Release|Any CPU
		{A3EC564C-6070-473B-93FB-CCA866D6BE8B}.Release|Any CPU.Build.0 = Release|Any CPU
	EndGlobalSection
	GlobalSection(SolutionProperties) = preSolution
		HideSolutionNode = FALSE
	EndGlobalSection
	GlobalSection(ExtensibilityGlobals) = postSolution
		SolutionGuid = {7C657212-01A1-4296-8DDC-624006B9DB20}
	EndGlobalSection
EndGlobal
